
Microsoft Visual Studio Solution File, Format Version 11.00
# Visual Studio 2010
Project("{FAE04EC0-301F-11D3-BF4B-00C04F79EFBC}") = "RetailMobile", "RetailMobile\RetailMobile.csproj", "{B6D94813-CF02-4D55-9634-A4CE53101C62}"
EndProject
Project("{FAE04EC0-301F-11D3-BF4B-00C04F79EFBC}") = "GraphView", "GraphView\GraphView.csproj", "{6FEBD275-0894-4D34-8DC3-AC562AA83437}"
EndProject
Global
	GlobalSection(SolutionConfigurationPlatforms) = preSolution
		Debug|Any CPU = Debug|Any CPU
		Debug|Mixed Platforms = Debug|Mixed Platforms
		Debug|x86 = Debug|x86
		Release|Any CPU = Release|Any CPU
		Release|Mixed Platforms = Release|Mixed Platforms
		Release|x86 = Release|x86
	EndGlobalSection
	GlobalSection(ProjectConfigurationPlatforms) = postSolution
		{6FEBD275-0894-4D34-8DC3-AC562AA83437}.Debug|Any CPU.ActiveCfg = Debug|Any CPU
		{6FEBD275-0894-4D34-8DC3-AC562AA83437}.Debug|Any CPU.Build.0 = Debug|Any CPU
		{6FEBD275-0894-4D34-8DC3-AC562AA83437}.Debug|Mixed Platforms.ActiveCfg = Debug|Any CPU
		{6FEBD275-0894-4D34-8DC3-AC562AA83437}.Debug|Mixed Platforms.Build.0 = Debug|Any CPU
		{6FEBD275-0894-4D34-8DC3-AC562AA83437}.Debug|x86.ActiveCfg = Debug|Any CPU
		{6FEBD275-0894-4D34-8DC3-AC562AA83437}.Debug|x86.Build.0 = Debug|Any CPU
		{6FEBD275-0894-4D34-8DC3-AC562AA83437}.Release|Any CPU.ActiveCfg = Release|Any CPU
		{6FEBD275-0894-4D34-8DC3-AC562AA83437}.Release|Any CPU.Build.0 = Release|Any CPU
		{6FEBD275-0894-4D34-8DC3-AC562AA83437}.Release|Mixed Platforms.ActiveCfg = Release|Any CPU
		{6FEBD275-0894-4D34-8DC3-AC562AA83437}.Release|Mixed Platforms.Build.0 = Release|Any CPU
		{6FEBD275-0894-4D34-8DC3-AC562AA83437}.Release|x86.ActiveCfg = Release|Any CPU
		{6FEBD275-0894-4D34-8DC3-AC562AA83437}.Release|x86.Build.0 = Release|Any CPU
		{B6D94813-CF02-4D55-9634-A4CE53101C62}.Debug|Any CPU.ActiveCfg = Debug|Any CPU
		{B6D94813-CF02-4D55-9634-A4CE53101C62}.Debug|Any CPU.Build.0 = Debug|Any CPU
		{B6D94813-CF02-4D55-9634-A4CE53101C62}.Debug|Mixed Platforms.ActiveCfg = Debug|Any CPU
		{B6D94813-CF02-4D55-9634-A4CE53101C62}.Debug|Mixed Platforms.Build.0 = Debug|Any CPU
		{B6D94813-CF02-4D55-9634-A4CE53101C62}.Debug|x86.ActiveCfg = Debug|Any CPU
		{B6D94813-CF02-4D55-9634-A4CE53101C62}.Release|Any CPU.ActiveCfg = Release|Any CPU
		{B6D94813-CF02-4D55-9634-A4CE53101C62}.Release|Any CPU.Build.0 = Release|Any CPU
		{B6D94813-CF02-4D55-9634-A4CE53101C62}.Release|Mixed Platforms.ActiveCfg = Release|Any CPU
		{B6D94813-CF02-4D55-9634-A4CE53101C62}.Release|Mixed Platforms.Build.0 = Release|Any CPU
		{B6D94813-CF02-4D55-9634-A4CE53101C62}.Release|x86.ActiveCfg = Release|Any CPU
		{B6D94813-CF02-4D55-9634-A4CE53101C62}.Debug|Any CPU.Deploy.0 = Debug|Any CPU
		{B6D94813-CF02-4D55-9634-A4CE53101C62}.Debug|Mixed Platforms.Deploy.0 = Debug|Any CPU
		{B6D94813-CF02-4D55-9634-A4CE53101C62}.Release|Any CPU.Deploy.0 = Release|Any CPU
		{B6D94813-CF02-4D55-9634-A4CE53101C62}.Release|Mixed Platforms.Deploy.0 = Release|Any CPU
	EndGlobalSection
	GlobalSection(MonoDevelopProperties) = preSolution
		StartupItem = RetailMobile\RetailMobile.csproj
	EndGlobalSection
	GlobalSection(TeamFoundationVersionControl) = preSolution
		SccNumberOfProjects = 2
		SccEnterpriseProvider = {4CA58AB2-18FA-4F8D-95D4-32DDF27D184C}
		SccTeamFoundationServer = https://tsolakidisa.visualstudio.com/defaultcollection
		SccLocalPath0 = .
		SccProjectUniqueName1 = RetailMobile\\RetailMobile.csproj
		SccProjectName1 = RetailMobile
		SccLocalPath1 = RetailMobile
	EndGlobalSection
	GlobalSection(SolutionProperties) = preSolution
		HideSolutionNode = FALSE
	EndGlobalSection
EndGlobal
